
Microsoft Visual Studio Solution File, Format Version 12.00
# Visual Studio 2012
Project("{FAE04EC0-301F-11D3-BF4B-00C04F79EFBC}") = "DockSafe", "DockSafe\DockSafe.csproj", "{00D0EB78-011A-4516-9D39-DA102D3F0F70}"
EndProject
Global
	GlobalSection(SolutionConfigurationPlatforms) = preSolution
		Debug|Any CPU = Debug|Any CPU
		Release|Any CPU = Release|Any CPU
	EndGlobalSection
	GlobalSection(ProjectConfigurationPlatforms) = postSolution
		{00D0EB78-011A-4516-9D39-DA102D3F0F70}.Debug|Any CPU.ActiveCfg = Debug|Any CPU
		{00D0EB78-011A-4516-9D39-DA102D3F0F70}.Debug|Any CPU.Build.0 = Debug|Any CPU
		{00D0EB78-011A-4516-9D39-DA102D3F0F70}.Release|Any CPU.ActiveCfg = Release|Any CPU
		{00D0EB78-011A-4516-9D39-DA102D3F0F70}.Release|Any CPU.Build.0 = Release|Any CPU
	EndGlobalSection
EndGlobal
